
Microsoft Visual Studio Solution File, Format Version 12.00
# Visual Studio 2012
Project("{FAE04EC0-301F-11D3-BF4B-00C04F79EFBC}") = "Task2", "Task2\Task2.csproj", "{FE170BE4-2E33-47E6-82F5-3A64BEBE32B1}"
EndProject
Project("{FAE04EC0-301F-11D3-BF4B-00C04F79EFBC}") = "Task3", "Task3\Task3.csproj", "{01A7FCCE-5521-4AA8-A178-A3CF9A211712}"
EndProject
Project("{FAE04EC0-301F-11D3-BF4B-00C04F79EFBC}") = "Task4", "Task4\Task4.csproj", "{87177064-8297-454E-A998-026C63D223AB}"
EndProject
Project("{FAE04EC0-301F-11D3-BF4B-00C04F79EFBC}") = "Task5", "Task5\Task5.csproj", "{4ECD5874-D185-4A4F-AC95-507C1E460F66}"
EndProject
Project("{FAE04EC0-301F-11D3-BF4B-00C04F79EFBC}") = "Task6", "Task6\Task6.csproj", "{A8D30235-0D48-46DB-98FB-7967DF3EB702}"
EndProject
Project("{FAE04EC0-301F-11D3-BF4B-00C04F79EFBC}") = "Task7", "Task7\Task7.csproj", "{D36486FE-D676-47EB-AA1C-E2E023E78C14}"
EndProject
Project("{FAE04EC0-301F-11D3-BF4B-00C04F79EFBC}") = "Task8", "Task8\Task8.csproj", "{8682671F-5060-4B44-A172-E85269807218}"
EndProject
Project("{FAE04EC0-301F-11D3-BF4B-00C04F79EFBC}") = "TaskB", "Task9\TaskB.csproj", "{9BE4D725-9ADB-4266-A12A-39169CA922C6}"
EndProject
Project("{FAE04EC0-301F-11D3-BF4B-00C04F79EFBC}") = "TaskC", "TaskC\TaskC.csproj", "{85551604-FC57-40E7-ACC4-8A970F88F0F8}"
EndProject
Global
	GlobalSection(SolutionConfigurationPlatforms) = preSolution
		Debug|Any CPU = Debug|Any CPU
		Release|Any CPU = Release|Any CPU
	EndGlobalSection
	GlobalSection(ProjectConfigurationPlatforms) = postSolution
		{FE170BE4-2E33-47E6-82F5-3A64BEBE32B1}.Debug|Any CPU.ActiveCfg = Debug|Any CPU
		{FE170BE4-2E33-47E6-82F5-3A64BEBE32B1}.Debug|Any CPU.Build.0 = Debug|Any CPU
		{FE170BE4-2E33-47E6-82F5-3A64BEBE32B1}.Release|Any CPU.ActiveCfg = Release|Any CPU
		{FE170BE4-2E33-47E6-82F5-3A64BEBE32B1}.Release|Any CPU.Build.0 = Release|Any CPU
		{01A7FCCE-5521-4AA8-A178-A3CF9A211712}.Debug|Any CPU.ActiveCfg = Debug|Any CPU
		{01A7FCCE-5521-4AA8-A178-A3CF9A211712}.Debug|Any CPU.Build.0 = Debug|Any CPU
		{01A7FCCE-5521-4AA8-A178-A3CF9A211712}.Release|Any CPU.ActiveCfg = Release|Any CPU
		{01A7FCCE-5521-4AA8-A178-A3CF9A211712}.Release|Any CPU.Build.0 = Release|Any CPU
		{87177064-8297-454E-A998-026C63D223AB}.Debug|Any CPU.ActiveCfg = Debug|Any CPU
		{87177064-8297-454E-A998-026C63D223AB}.Debug|Any CPU.Build.0 = Debug|Any CPU
		{87177064-8297-454E-A998-026C63D223AB}.Release|Any CPU.ActiveCfg = Release|Any CPU
		{87177064-8297-454E-A998-026C63D223AB}.Release|Any CPU.Build.0 = Release|Any CPU
		{4ECD5874-D185-4A4F-AC95-507C1E460F66}.Debug|Any CPU.ActiveCfg = Debug|Any CPU
		{4ECD5874-D185-4A4F-AC95-507C1E460F66}.Debug|Any CPU.Build.0 = Debug|Any CPU
		{4ECD5874-D185-4A4F-AC95-507C1E460F66}.Release|Any CPU.ActiveCfg = Release|Any CPU
		{4ECD5874-D185-4A4F-AC95-507C1E460F66}.Release|Any CPU.Build.0 = Release|Any CPU
		{A8D30235-0D48-46DB-98FB-7967DF3EB702}.Debug|Any CPU.ActiveCfg = Debug|Any CPU
		{A8D30235-0D48-46DB-98FB-7967DF3EB702}.Debug|Any CPU.Build.0 = Debug|Any CPU
		{A8D30235-0D48-46DB-98FB-7967DF3EB702}.Release|Any CPU.ActiveCfg = Release|Any CPU
		{A8D30235-0D48-46DB-98FB-7967DF3EB702}.Release|Any CPU.Build.0 = Release|Any CPU
		{D36486FE-D676-47EB-AA1C-E2E023E78C14}.Debug|Any CPU.ActiveCfg = Debug|Any CPU
		{D36486FE-D676-47EB-AA1C-E2E023E78C14}.Debug|Any CPU.Build.0 = Debug|Any CPU
		{D36486FE-D676-47EB-AA1C-E2E023E78C14}.Release|Any CPU.ActiveCfg = Release|Any CPU
		{D36486FE-D676-47EB-AA1C-E2E023E78C14}.Release|Any CPU.Build.0 = Release|Any CPU
		{8682671F-5060-4B44-A172-E85269807218}.Debug|Any CPU.ActiveCfg = Debug|Any CPU
		{8682671F-5060-4B44-A172-E85269807218}.Debug|Any CPU.Build.0 = Debug|Any CPU
		{8682671F-5060-4B44-A172-E85269807218}.Release|Any CPU.ActiveCfg = Release|Any CPU
		{8682671F-5060-4B44-A172-E85269807218}.Release|Any CPU.Build.0 = Release|Any CPU
		{9BE4D725-9ADB-4266-A12A-39169CA922C6}.Debug|Any CPU.ActiveCfg = Debug|Any CPU
		{9BE4D725-9ADB-4266-A12A-39169CA922C6}.Debug|Any CPU.Build.0 = Debug|Any CPU
		{9BE4D725-9ADB-4266-A12A-39169CA922C6}.Release|Any CPU.ActiveCfg = Release|Any CPU
		{9BE4D725-9ADB-4266-A12A-39169CA922C6}.Release|Any CPU.Build.0 = Release|Any CPU
		{85551604-FC57-40E7-ACC4-8A970F88F0F8}.Debug|Any CPU.ActiveCfg = Debug|Any CPU
		{85551604-FC57-40E7-ACC4-8A970F88F0F8}.Debug|Any CPU.Build.0 = Debug|Any CPU
		{85551604-FC57-40E7-ACC4-8A970F88F0F8}.Release|Any CPU.ActiveCfg = Release|Any CPU
		{85551604-FC57-40E7-ACC4-8A970F88F0F8}.Release|Any CPU.Build.0 = Release|Any CPU
	EndGlobalSection
	GlobalSection(SolutionProperties) = preSolution
		HideSolutionNode = FALSE
	EndGlobalSection
EndGlobal
