
Microsoft Visual Studio Solution File, Format Version 12.00
# Visual Studio 2012
Project("{FAE04EC0-301F-11D3-BF4B-00C04F79EFBC}") = "RefactoredNamesCSharp", "RefactoredNamesCSharp\RefactoredNamesCSharp.csproj", "{63A187DC-1AA5-4021-873E-52B409F81B91}"
EndProject
Project("{2150E333-8FDC-42A3-9474-1A3956D46DE8}") = "RefactoredNamesJavaScript", "RefactoredNamesJavaScript", "{59AB1EA5-C345-445F-9F27-A2551CE1CB17}"
	ProjectSection(SolutionItems) = preProject
		3.TaskThree.html = 3.TaskThree.html
	EndProjectSection
EndProject
Global
	GlobalSection(SolutionConfigurationPlatforms) = preSolution
		Debug|Any CPU = Debug|Any CPU
		Release|Any CPU = Release|Any CPU
	EndGlobalSection
	GlobalSection(ProjectConfigurationPlatforms) = postSolution
		{63A187DC-1AA5-4021-873E-52B409F81B91}.Debug|Any CPU.ActiveCfg = Debug|Any CPU
		{63A187DC-1AA5-4021-873E-52B409F81B91}.Debug|Any CPU.Build.0 = Debug|Any CPU
		{63A187DC-1AA5-4021-873E-52B409F81B91}.Release|Any CPU.ActiveCfg = Release|Any CPU
		{63A187DC-1AA5-4021-873E-52B409F81B91}.Release|Any CPU.Build.0 = Release|Any CPU
	EndGlobalSection
	GlobalSection(SolutionProperties) = preSolution
		HideSolutionNode = FALSE
	EndGlobalSection
EndGlobal
