
Microsoft Visual Studio Solution File, Format Version 12.00
# Visual Studio 2012
Project("{FAE04EC0-301F-11D3-BF4B-00C04F79EFBC}") = "2.Sociality", "2.Sociality\2.Sociality.csproj", "{1064656C-6B77-499B-AF29-404456BFF689}"
EndProject
Project("{FAE04EC0-301F-11D3-BF4B-00C04F79EFBC}") = "3.AnimalKingdom", "3.AnimalKingdom\3.AnimalKingdom.csproj", "{BA2124D7-E440-4935-A8AC-F42567A883D8}"
EndProject
Project("{FAE04EC0-301F-11D3-BF4B-00C04F79EFBC}") = "1.SchoolSystem", "1.SchoolSystem\1.SchoolSystem.csproj", "{75363943-B6BB-4CCD-9F53-2D33D4E4389D}"
EndProject
Global
	GlobalSection(SolutionConfigurationPlatforms) = preSolution
		Debug|Any CPU = Debug|Any CPU
		Release|Any CPU = Release|Any CPU
	EndGlobalSection
	GlobalSection(ProjectConfigurationPlatforms) = postSolution
		{1064656C-6B77-499B-AF29-404456BFF689}.Debug|Any CPU.ActiveCfg = Debug|Any CPU
		{1064656C-6B77-499B-AF29-404456BFF689}.Debug|Any CPU.Build.0 = Debug|Any CPU
		{1064656C-6B77-499B-AF29-404456BFF689}.Release|Any CPU.ActiveCfg = Release|Any CPU
		{1064656C-6B77-499B-AF29-404456BFF689}.Release|Any CPU.Build.0 = Release|Any CPU
		{BA2124D7-E440-4935-A8AC-F42567A883D8}.Debug|Any CPU.ActiveCfg = Debug|Any CPU
		{BA2124D7-E440-4935-A8AC-F42567A883D8}.Debug|Any CPU.Build.0 = Debug|Any CPU
		{BA2124D7-E440-4935-A8AC-F42567A883D8}.Release|Any CPU.ActiveCfg = Release|Any CPU
		{BA2124D7-E440-4935-A8AC-F42567A883D8}.Release|Any CPU.Build.0 = Release|Any CPU
		{75363943-B6BB-4CCD-9F53-2D33D4E4389D}.Debug|Any CPU.ActiveCfg = Debug|Any CPU
		{75363943-B6BB-4CCD-9F53-2D33D4E4389D}.Debug|Any CPU.Build.0 = Debug|Any CPU
		{75363943-B6BB-4CCD-9F53-2D33D4E4389D}.Release|Any CPU.ActiveCfg = Release|Any CPU
		{75363943-B6BB-4CCD-9F53-2D33D4E4389D}.Release|Any CPU.Build.0 = Release|Any CPU
	EndGlobalSection
	GlobalSection(SolutionProperties) = preSolution
		HideSolutionNode = FALSE
	EndGlobalSection
EndGlobal
