
Microsoft Visual Studio Solution File, Format Version 12.00
# Visual Studio 2012
Project("{E24C65DC-7377-472B-9ABA-BC803B73C61A}") = "Cycles", ".", "{9CD7BF9B-820E-43A1-9B8B-2B433978338B}"
	ProjectSection(WebsiteProperties) = preProject
		TargetFrameworkMoniker = ".NETFramework,Version%3Dv4.0"
		Debug.AspNetCompiler.VirtualPath = "/Cycles"
		Debug.AspNetCompiler.PhysicalPath = "..\Cycles\"
		Debug.AspNetCompiler.TargetPath = "PrecompiledWeb\Cycles\"
		Debug.AspNetCompiler.Updateable = "true"
		Debug.AspNetCompiler.ForceOverwrite = "true"
		Debug.AspNetCompiler.FixedNames = "false"
		Debug.AspNetCompiler.Debug = "True"
		Release.AspNetCompiler.VirtualPath = "/Cycles"
		Release.AspNetCompiler.PhysicalPath = "..\Cycles\"
		Release.AspNetCompiler.TargetPath = "PrecompiledWeb\Cycles\"
		Release.AspNetCompiler.Updateable = "true"
		Release.AspNetCompiler.ForceOverwrite = "true"
		Release.AspNetCompiler.FixedNames = "false"
		Release.AspNetCompiler.Debug = "False"
		VWDPort = "54886"
	EndProjectSection
EndProject
Global
	GlobalSection(SolutionConfigurationPlatforms) = preSolution
		Debug|Any CPU = Debug|Any CPU
	EndGlobalSection
	GlobalSection(ProjectConfigurationPlatforms) = postSolution
		{9CD7BF9B-820E-43A1-9B8B-2B433978338B}.Debug|Any CPU.ActiveCfg = Debug|Any CPU
		{9CD7BF9B-820E-43A1-9B8B-2B433978338B}.Debug|Any CPU.Build.0 = Debug|Any CPU
	EndGlobalSection
	GlobalSection(SolutionProperties) = preSolution
		HideSolutionNode = FALSE
	EndGlobalSection
EndGlobal
