
Microsoft Visual Studio Solution File, Format Version 12.00
# Visual Studio 2012
Project("{FAE04EC0-301F-11D3-BF4B-00C04F79EFBC}") = "Api", "Api\Api.csproj", "{58193DBC-E9FC-42A0-821E-0C79E489AC7B}"
EndProject
Project("{2150E333-8FDC-42A3-9474-1A3956D46DE8}") = "RestApi", "RestApi", "{432D6850-8AD3-438A-9C11-FD0116C580E9}"
EndProject
Project("{2150E333-8FDC-42A3-9474-1A3956D46DE8}") = "Database", "Database", "{7495728E-716C-46A5-AF1B-6368B9A23D1B}"
EndProject
Project("{2150E333-8FDC-42A3-9474-1A3956D46DE8}") = "db.Model", "db.Model", "{811AEE11-6E53-4F5E-965C-7FA47DD6F8E5}"
EndProject
Project("{2150E333-8FDC-42A3-9474-1A3956D46DE8}") = "db.Repository", "db.Repository", "{9C8BC80D-3FB4-4E5B-8DC3-613FEBDC7BA4}"
EndProject
Project("{2150E333-8FDC-42A3-9474-1A3956D46DE8}") = "db.Datacontext", "db.Datacontext", "{D80B94F6-2B59-4D54-B25F-FC5BD6B92588}"
EndProject
Project("{2150E333-8FDC-42A3-9474-1A3956D46DE8}") = "Interface", "Interface", "{0C18A570-DB94-4BC6-BA61-CAE983D18DED}"
EndProject
Project("{2150E333-8FDC-42A3-9474-1A3956D46DE8}") = "Implements", "Implements", "{24BC793D-1AF3-4A8E-B996-CF37B7E13497}"
EndProject
Project("{FAE04EC0-301F-11D3-BF4B-00C04F79EFBC}") = "Models", "Models\Models.csproj", "{A1585E4C-3A5B-4C59-8794-B2CFA08AE502}"
EndProject
Project("{FAE04EC0-301F-11D3-BF4B-00C04F79EFBC}") = "Repositories", "Repositories\Repositories.csproj", "{B21B305E-CAD6-49C7-BA27-2DBE589D9043}"
EndProject
Project("{FAE04EC0-301F-11D3-BF4B-00C04F79EFBC}") = "Repository.Interfaces", "Repository.Interfaces\Repository.Interfaces.csproj", "{61DE41DD-1279-4E5A-930A-6292FDC3C6AC}"
EndProject
Project("{FAE04EC0-301F-11D3-BF4B-00C04F79EFBC}") = "Model.Interfaces", "Model.Interfaces\Model.Interfaces.csproj", "{451705E3-A645-44BE-9E94-9BBB2BB6D344}"
EndProject
Project("{FAE04EC0-301F-11D3-BF4B-00C04F79EFBC}") = "Contexts", "Contexts\Contexts.csproj", "{9946332D-B8C5-4090-BB11-929C54102C7F}"
EndProject
Global
	GlobalSection(SolutionConfigurationPlatforms) = preSolution
		Debug|Any CPU = Debug|Any CPU
		Release|Any CPU = Release|Any CPU
	EndGlobalSection
	GlobalSection(ProjectConfigurationPlatforms) = postSolution
		{58193DBC-E9FC-42A0-821E-0C79E489AC7B}.Debug|Any CPU.ActiveCfg = Debug|Any CPU
		{58193DBC-E9FC-42A0-821E-0C79E489AC7B}.Debug|Any CPU.Build.0 = Debug|Any CPU
		{58193DBC-E9FC-42A0-821E-0C79E489AC7B}.Release|Any CPU.ActiveCfg = Release|Any CPU
		{58193DBC-E9FC-42A0-821E-0C79E489AC7B}.Release|Any CPU.Build.0 = Release|Any CPU
		{A1585E4C-3A5B-4C59-8794-B2CFA08AE502}.Debug|Any CPU.ActiveCfg = Debug|Any CPU
		{A1585E4C-3A5B-4C59-8794-B2CFA08AE502}.Debug|Any CPU.Build.0 = Debug|Any CPU
		{A1585E4C-3A5B-4C59-8794-B2CFA08AE502}.Release|Any CPU.ActiveCfg = Release|Any CPU
		{A1585E4C-3A5B-4C59-8794-B2CFA08AE502}.Release|Any CPU.Build.0 = Release|Any CPU
		{B21B305E-CAD6-49C7-BA27-2DBE589D9043}.Debug|Any CPU.ActiveCfg = Debug|Any CPU
		{B21B305E-CAD6-49C7-BA27-2DBE589D9043}.Debug|Any CPU.Build.0 = Debug|Any CPU
		{B21B305E-CAD6-49C7-BA27-2DBE589D9043}.Release|Any CPU.ActiveCfg = Release|Any CPU
		{B21B305E-CAD6-49C7-BA27-2DBE589D9043}.Release|Any CPU.Build.0 = Release|Any CPU
		{61DE41DD-1279-4E5A-930A-6292FDC3C6AC}.Debug|Any CPU.ActiveCfg = Debug|Any CPU
		{61DE41DD-1279-4E5A-930A-6292FDC3C6AC}.Debug|Any CPU.Build.0 = Debug|Any CPU
		{61DE41DD-1279-4E5A-930A-6292FDC3C6AC}.Release|Any CPU.ActiveCfg = Release|Any CPU
		{61DE41DD-1279-4E5A-930A-6292FDC3C6AC}.Release|Any CPU.Build.0 = Release|Any CPU
		{451705E3-A645-44BE-9E94-9BBB2BB6D344}.Debug|Any CPU.ActiveCfg = Debug|Any CPU
		{451705E3-A645-44BE-9E94-9BBB2BB6D344}.Debug|Any CPU.Build.0 = Debug|Any CPU
		{451705E3-A645-44BE-9E94-9BBB2BB6D344}.Release|Any CPU.ActiveCfg = Release|Any CPU
		{451705E3-A645-44BE-9E94-9BBB2BB6D344}.Release|Any CPU.Build.0 = Release|Any CPU
		{9946332D-B8C5-4090-BB11-929C54102C7F}.Debug|Any CPU.ActiveCfg = Debug|Any CPU
		{9946332D-B8C5-4090-BB11-929C54102C7F}.Debug|Any CPU.Build.0 = Debug|Any CPU
		{9946332D-B8C5-4090-BB11-929C54102C7F}.Release|Any CPU.ActiveCfg = Release|Any CPU
		{9946332D-B8C5-4090-BB11-929C54102C7F}.Release|Any CPU.Build.0 = Release|Any CPU
	EndGlobalSection
	GlobalSection(SolutionProperties) = preSolution
		HideSolutionNode = FALSE
	EndGlobalSection
	GlobalSection(NestedProjects) = preSolution
		{58193DBC-E9FC-42A0-821E-0C79E489AC7B} = {432D6850-8AD3-438A-9C11-FD0116C580E9}
		{811AEE11-6E53-4F5E-965C-7FA47DD6F8E5} = {7495728E-716C-46A5-AF1B-6368B9A23D1B}
		{9C8BC80D-3FB4-4E5B-8DC3-613FEBDC7BA4} = {7495728E-716C-46A5-AF1B-6368B9A23D1B}
		{D80B94F6-2B59-4D54-B25F-FC5BD6B92588} = {7495728E-716C-46A5-AF1B-6368B9A23D1B}
		{A1585E4C-3A5B-4C59-8794-B2CFA08AE502} = {811AEE11-6E53-4F5E-965C-7FA47DD6F8E5}
		{451705E3-A645-44BE-9E94-9BBB2BB6D344} = {811AEE11-6E53-4F5E-965C-7FA47DD6F8E5}
		{0C18A570-DB94-4BC6-BA61-CAE983D18DED} = {9C8BC80D-3FB4-4E5B-8DC3-613FEBDC7BA4}
		{24BC793D-1AF3-4A8E-B996-CF37B7E13497} = {9C8BC80D-3FB4-4E5B-8DC3-613FEBDC7BA4}
		{9946332D-B8C5-4090-BB11-929C54102C7F} = {D80B94F6-2B59-4D54-B25F-FC5BD6B92588}
		{61DE41DD-1279-4E5A-930A-6292FDC3C6AC} = {0C18A570-DB94-4BC6-BA61-CAE983D18DED}
		{B21B305E-CAD6-49C7-BA27-2DBE589D9043} = {24BC793D-1AF3-4A8E-B996-CF37B7E13497}
	EndGlobalSection
EndGlobal
