
Microsoft Visual Studio Solution File, Format Version 12.00
# Visual Studio 2012
Project("{FAE04EC0-301F-11D3-BF4B-00C04F79EFBC}") = "1.Hello", "1.Hello\1.Hello.csproj", "{33137AFB-977E-4D4E-8971-8CED32D335E9}"
EndProject
Project("{FAE04EC0-301F-11D3-BF4B-00C04F79EFBC}") = "2.FindBigger", "2.FindBigger\2.FindBigger.csproj", "{1B83D512-E2E1-4EEE-8C62-FC9794B3A5B8}"
EndProject
Project("{FAE04EC0-301F-11D3-BF4B-00C04F79EFBC}") = "3.LastDigitInEnglish", "3.LastDigitInEnglish\3.LastDigitInEnglish.csproj", "{9D4F6837-E1AD-47A8-9CA8-19416C85FB8D}"
EndProject
Project("{FAE04EC0-301F-11D3-BF4B-00C04F79EFBC}") = "4.CountNumber", "4.CountNumber\4.CountNumber.csproj", "{74B198E6-C28D-429C-995E-C8FB63225967}"
EndProject
Project("{FAE04EC0-301F-11D3-BF4B-00C04F79EFBC}") = "5.CheckNeighbors", "5.CheckNeighbors\5.CheckNeighbors.csproj", "{96F54569-4875-475D-8362-68D1F3F3C0D8}"
EndProject
Project("{FAE04EC0-301F-11D3-BF4B-00C04F79EFBC}") = "6.CheckNeighborsReturnIndex", "6.CheckNeighborsReturnIndex\6.CheckNeighborsReturnIndex.csproj", "{2225A73C-8655-4463-9682-DC153DEDB8A1}"
EndProject
Project("{FAE04EC0-301F-11D3-BF4B-00C04F79EFBC}") = "7.Reverse", "7.Reverse\7.Reverse.csproj", "{7F48E86E-85F7-4DF4-83E1-846543DF62E4}"
EndProject
Project("{FAE04EC0-301F-11D3-BF4B-00C04F79EFBC}") = "8.AddTwoNumbers", "8.AddTwoNumbers\8.AddTwoNumbers.csproj", "{2DE95B18-F13E-4A8C-AD03-F35BC6DCAA26}"
EndProject
Project("{FAE04EC0-301F-11D3-BF4B-00C04F79EFBC}") = "9.FindMaxSort", "9.FindMaxSort\9.FindMaxSort.csproj", "{9ABA17FC-A4EF-4540-BC99-F078E80E7E8D}"
EndProject
Project("{FAE04EC0-301F-11D3-BF4B-00C04F79EFBC}") = "A.N!", "9.N!\A.N!.csproj", "{7AE50277-B5ED-4C8F-88F6-054C99A12476}"
EndProject
Project("{FAE04EC0-301F-11D3-BF4B-00C04F79EFBC}") = "B.MultipleTasks", "B.MultipleTasks\B.MultipleTasks.csproj", "{81606ED1-102D-4F23-B90F-18DF3A6B5CDB}"
EndProject
Global
	GlobalSection(SolutionConfigurationPlatforms) = preSolution
		Debug|Any CPU = Debug|Any CPU
		Release|Any CPU = Release|Any CPU
	EndGlobalSection
	GlobalSection(ProjectConfigurationPlatforms) = postSolution
		{33137AFB-977E-4D4E-8971-8CED32D335E9}.Debug|Any CPU.ActiveCfg = Debug|Any CPU
		{33137AFB-977E-4D4E-8971-8CED32D335E9}.Debug|Any CPU.Build.0 = Debug|Any CPU
		{33137AFB-977E-4D4E-8971-8CED32D335E9}.Release|Any CPU.ActiveCfg = Release|Any CPU
		{33137AFB-977E-4D4E-8971-8CED32D335E9}.Release|Any CPU.Build.0 = Release|Any CPU
		{1B83D512-E2E1-4EEE-8C62-FC9794B3A5B8}.Debug|Any CPU.ActiveCfg = Debug|Any CPU
		{1B83D512-E2E1-4EEE-8C62-FC9794B3A5B8}.Debug|Any CPU.Build.0 = Debug|Any CPU
		{1B83D512-E2E1-4EEE-8C62-FC9794B3A5B8}.Release|Any CPU.ActiveCfg = Release|Any CPU
		{1B83D512-E2E1-4EEE-8C62-FC9794B3A5B8}.Release|Any CPU.Build.0 = Release|Any CPU
		{9D4F6837-E1AD-47A8-9CA8-19416C85FB8D}.Debug|Any CPU.ActiveCfg = Debug|Any CPU
		{9D4F6837-E1AD-47A8-9CA8-19416C85FB8D}.Debug|Any CPU.Build.0 = Debug|Any CPU
		{9D4F6837-E1AD-47A8-9CA8-19416C85FB8D}.Release|Any CPU.ActiveCfg = Release|Any CPU
		{9D4F6837-E1AD-47A8-9CA8-19416C85FB8D}.Release|Any CPU.Build.0 = Release|Any CPU
		{74B198E6-C28D-429C-995E-C8FB63225967}.Debug|Any CPU.ActiveCfg = Debug|Any CPU
		{74B198E6-C28D-429C-995E-C8FB63225967}.Debug|Any CPU.Build.0 = Debug|Any CPU
		{74B198E6-C28D-429C-995E-C8FB63225967}.Release|Any CPU.ActiveCfg = Release|Any CPU
		{74B198E6-C28D-429C-995E-C8FB63225967}.Release|Any CPU.Build.0 = Release|Any CPU
		{96F54569-4875-475D-8362-68D1F3F3C0D8}.Debug|Any CPU.ActiveCfg = Debug|Any CPU
		{96F54569-4875-475D-8362-68D1F3F3C0D8}.Debug|Any CPU.Build.0 = Debug|Any CPU
		{96F54569-4875-475D-8362-68D1F3F3C0D8}.Release|Any CPU.ActiveCfg = Release|Any CPU
		{96F54569-4875-475D-8362-68D1F3F3C0D8}.Release|Any CPU.Build.0 = Release|Any CPU
		{2225A73C-8655-4463-9682-DC153DEDB8A1}.Debug|Any CPU.ActiveCfg = Debug|Any CPU
		{2225A73C-8655-4463-9682-DC153DEDB8A1}.Debug|Any CPU.Build.0 = Debug|Any CPU
		{2225A73C-8655-4463-9682-DC153DEDB8A1}.Release|Any CPU.ActiveCfg = Release|Any CPU
		{2225A73C-8655-4463-9682-DC153DEDB8A1}.Release|Any CPU.Build.0 = Release|Any CPU
		{7F48E86E-85F7-4DF4-83E1-846543DF62E4}.Debug|Any CPU.ActiveCfg = Debug|Any CPU
		{7F48E86E-85F7-4DF4-83E1-846543DF62E4}.Debug|Any CPU.Build.0 = Debug|Any CPU
		{7F48E86E-85F7-4DF4-83E1-846543DF62E4}.Release|Any CPU.ActiveCfg = Release|Any CPU
		{7F48E86E-85F7-4DF4-83E1-846543DF62E4}.Release|Any CPU.Build.0 = Release|Any CPU
		{2DE95B18-F13E-4A8C-AD03-F35BC6DCAA26}.Debug|Any CPU.ActiveCfg = Debug|Any CPU
		{2DE95B18-F13E-4A8C-AD03-F35BC6DCAA26}.Debug|Any CPU.Build.0 = Debug|Any CPU
		{2DE95B18-F13E-4A8C-AD03-F35BC6DCAA26}.Release|Any CPU.ActiveCfg = Release|Any CPU
		{2DE95B18-F13E-4A8C-AD03-F35BC6DCAA26}.Release|Any CPU.Build.0 = Release|Any CPU
		{9ABA17FC-A4EF-4540-BC99-F078E80E7E8D}.Debug|Any CPU.ActiveCfg = Debug|Any CPU
		{9ABA17FC-A4EF-4540-BC99-F078E80E7E8D}.Debug|Any CPU.Build.0 = Debug|Any CPU
		{9ABA17FC-A4EF-4540-BC99-F078E80E7E8D}.Release|Any CPU.ActiveCfg = Release|Any CPU
		{9ABA17FC-A4EF-4540-BC99-F078E80E7E8D}.Release|Any CPU.Build.0 = Release|Any CPU
		{7AE50277-B5ED-4C8F-88F6-054C99A12476}.Debug|Any CPU.ActiveCfg = Debug|Any CPU
		{7AE50277-B5ED-4C8F-88F6-054C99A12476}.Debug|Any CPU.Build.0 = Debug|Any CPU
		{7AE50277-B5ED-4C8F-88F6-054C99A12476}.Release|Any CPU.ActiveCfg = Release|Any CPU
		{7AE50277-B5ED-4C8F-88F6-054C99A12476}.Release|Any CPU.Build.0 = Release|Any CPU
		{81606ED1-102D-4F23-B90F-18DF3A6B5CDB}.Debug|Any CPU.ActiveCfg = Debug|Any CPU
		{81606ED1-102D-4F23-B90F-18DF3A6B5CDB}.Debug|Any CPU.Build.0 = Debug|Any CPU
		{81606ED1-102D-4F23-B90F-18DF3A6B5CDB}.Release|Any CPU.ActiveCfg = Release|Any CPU
		{81606ED1-102D-4F23-B90F-18DF3A6B5CDB}.Release|Any CPU.Build.0 = Release|Any CPU
	EndGlobalSection
	GlobalSection(SolutionProperties) = preSolution
		HideSolutionNode = FALSE
	EndGlobalSection
EndGlobal
