
Microsoft Visual Studio Solution File, Format Version 12.00
# Visual Studio 2012
Project("{FAE04EC0-301F-11D3-BF4B-00C04F79EFBC}") = "App", "App\App.csproj", "{63908605-9365-4802-A053-4DBE18D60ADC}"
EndProject
Project("{2150E333-8FDC-42A3-9474-1A3956D46DE8}") = "Application", "Application", "{E0C92175-E4BA-41B8-9030-8E65F4524141}"
EndProject
Project("{2150E333-8FDC-42A3-9474-1A3956D46DE8}") = "WikiApiClient", "WikiApiClient", "{0984E867-D4C0-4FBD-98BD-BDDCF98AD1BE}"
EndProject
Project("{2150E333-8FDC-42A3-9474-1A3956D46DE8}") = "Model", "Model", "{51AC8418-44D9-4AA9-B1E8-12185658B968}"
EndProject
Project("{FAE04EC0-301F-11D3-BF4B-00C04F79EFBC}") = "PlacesToVisit.WikiClient", "PlacesToVisit.WikiClient\PlacesToVisit.WikiClient.csproj", "{C1C780F6-20AA-4966-98C0-B61B8310325B}"
EndProject
Project("{FAE04EC0-301F-11D3-BF4B-00C04F79EFBC}") = "PlacesToVisit.Models", "PlacesToVisit.Models\PlacesToVisit.Models.csproj", "{5BBB00D0-E25B-4B26-8425-9E3D00EE45EC}"
EndProject
Global
	GlobalSection(SolutionConfigurationPlatforms) = preSolution
		Debug|Any CPU = Debug|Any CPU
		Debug|ARM = Debug|ARM
		Debug|x64 = Debug|x64
		Debug|x86 = Debug|x86
		Release|Any CPU = Release|Any CPU
		Release|ARM = Release|ARM
		Release|x64 = Release|x64
		Release|x86 = Release|x86
	EndGlobalSection
	GlobalSection(ProjectConfigurationPlatforms) = postSolution
		{63908605-9365-4802-A053-4DBE18D60ADC}.Debug|Any CPU.ActiveCfg = Debug|Any CPU
		{63908605-9365-4802-A053-4DBE18D60ADC}.Debug|Any CPU.Build.0 = Debug|Any CPU
		{63908605-9365-4802-A053-4DBE18D60ADC}.Debug|Any CPU.Deploy.0 = Debug|Any CPU
		{63908605-9365-4802-A053-4DBE18D60ADC}.Debug|ARM.ActiveCfg = Debug|ARM
		{63908605-9365-4802-A053-4DBE18D60ADC}.Debug|ARM.Build.0 = Debug|ARM
		{63908605-9365-4802-A053-4DBE18D60ADC}.Debug|ARM.Deploy.0 = Debug|ARM
		{63908605-9365-4802-A053-4DBE18D60ADC}.Debug|x64.ActiveCfg = Debug|x64
		{63908605-9365-4802-A053-4DBE18D60ADC}.Debug|x64.Build.0 = Debug|x64
		{63908605-9365-4802-A053-4DBE18D60ADC}.Debug|x64.Deploy.0 = Debug|x64
		{63908605-9365-4802-A053-4DBE18D60ADC}.Debug|x86.ActiveCfg = Debug|x86
		{63908605-9365-4802-A053-4DBE18D60ADC}.Debug|x86.Build.0 = Debug|x86
		{63908605-9365-4802-A053-4DBE18D60ADC}.Debug|x86.Deploy.0 = Debug|x86
		{63908605-9365-4802-A053-4DBE18D60ADC}.Release|Any CPU.ActiveCfg = Release|Any CPU
		{63908605-9365-4802-A053-4DBE18D60ADC}.Release|Any CPU.Build.0 = Release|Any CPU
		{63908605-9365-4802-A053-4DBE18D60ADC}.Release|Any CPU.Deploy.0 = Release|Any CPU
		{63908605-9365-4802-A053-4DBE18D60ADC}.Release|ARM.ActiveCfg = Release|ARM
		{63908605-9365-4802-A053-4DBE18D60ADC}.Release|ARM.Build.0 = Release|ARM
		{63908605-9365-4802-A053-4DBE18D60ADC}.Release|ARM.Deploy.0 = Release|ARM
		{63908605-9365-4802-A053-4DBE18D60ADC}.Release|x64.ActiveCfg = Release|x64
		{63908605-9365-4802-A053-4DBE18D60ADC}.Release|x64.Build.0 = Release|x64
		{63908605-9365-4802-A053-4DBE18D60ADC}.Release|x64.Deploy.0 = Release|x64
		{63908605-9365-4802-A053-4DBE18D60ADC}.Release|x86.ActiveCfg = Release|x86
		{63908605-9365-4802-A053-4DBE18D60ADC}.Release|x86.Build.0 = Release|x86
		{63908605-9365-4802-A053-4DBE18D60ADC}.Release|x86.Deploy.0 = Release|x86
		{C1C780F6-20AA-4966-98C0-B61B8310325B}.Debug|Any CPU.ActiveCfg = Debug|Any CPU
		{C1C780F6-20AA-4966-98C0-B61B8310325B}.Debug|Any CPU.Build.0 = Debug|Any CPU
		{C1C780F6-20AA-4966-98C0-B61B8310325B}.Debug|ARM.ActiveCfg = Debug|ARM
		{C1C780F6-20AA-4966-98C0-B61B8310325B}.Debug|ARM.Build.0 = Debug|ARM
		{C1C780F6-20AA-4966-98C0-B61B8310325B}.Debug|x64.ActiveCfg = Debug|x64
		{C1C780F6-20AA-4966-98C0-B61B8310325B}.Debug|x64.Build.0 = Debug|x64
		{C1C780F6-20AA-4966-98C0-B61B8310325B}.Debug|x86.ActiveCfg = Debug|x86
		{C1C780F6-20AA-4966-98C0-B61B8310325B}.Debug|x86.Build.0 = Debug|x86
		{C1C780F6-20AA-4966-98C0-B61B8310325B}.Release|Any CPU.ActiveCfg = Release|Any CPU
		{C1C780F6-20AA-4966-98C0-B61B8310325B}.Release|Any CPU.Build.0 = Release|Any CPU
		{C1C780F6-20AA-4966-98C0-B61B8310325B}.Release|ARM.ActiveCfg = Release|ARM
		{C1C780F6-20AA-4966-98C0-B61B8310325B}.Release|ARM.Build.0 = Release|ARM
		{C1C780F6-20AA-4966-98C0-B61B8310325B}.Release|x64.ActiveCfg = Release|x64
		{C1C780F6-20AA-4966-98C0-B61B8310325B}.Release|x64.Build.0 = Release|x64
		{C1C780F6-20AA-4966-98C0-B61B8310325B}.Release|x86.ActiveCfg = Release|x86
		{C1C780F6-20AA-4966-98C0-B61B8310325B}.Release|x86.Build.0 = Release|x86
		{5BBB00D0-E25B-4B26-8425-9E3D00EE45EC}.Debug|Any CPU.ActiveCfg = Debug|Any CPU
		{5BBB00D0-E25B-4B26-8425-9E3D00EE45EC}.Debug|Any CPU.Build.0 = Debug|Any CPU
		{5BBB00D0-E25B-4B26-8425-9E3D00EE45EC}.Debug|ARM.ActiveCfg = Debug|ARM
		{5BBB00D0-E25B-4B26-8425-9E3D00EE45EC}.Debug|ARM.Build.0 = Debug|ARM
		{5BBB00D0-E25B-4B26-8425-9E3D00EE45EC}.Debug|x64.ActiveCfg = Debug|x64
		{5BBB00D0-E25B-4B26-8425-9E3D00EE45EC}.Debug|x64.Build.0 = Debug|x64
		{5BBB00D0-E25B-4B26-8425-9E3D00EE45EC}.Debug|x86.ActiveCfg = Debug|x86
		{5BBB00D0-E25B-4B26-8425-9E3D00EE45EC}.Debug|x86.Build.0 = Debug|x86
		{5BBB00D0-E25B-4B26-8425-9E3D00EE45EC}.Release|Any CPU.ActiveCfg = Release|Any CPU
		{5BBB00D0-E25B-4B26-8425-9E3D00EE45EC}.Release|Any CPU.Build.0 = Release|Any CPU
		{5BBB00D0-E25B-4B26-8425-9E3D00EE45EC}.Release|ARM.ActiveCfg = Release|ARM
		{5BBB00D0-E25B-4B26-8425-9E3D00EE45EC}.Release|ARM.Build.0 = Release|ARM
		{5BBB00D0-E25B-4B26-8425-9E3D00EE45EC}.Release|x64.ActiveCfg = Release|x64
		{5BBB00D0-E25B-4B26-8425-9E3D00EE45EC}.Release|x64.Build.0 = Release|x64
		{5BBB00D0-E25B-4B26-8425-9E3D00EE45EC}.Release|x86.ActiveCfg = Release|x86
		{5BBB00D0-E25B-4B26-8425-9E3D00EE45EC}.Release|x86.Build.0 = Release|x86
	EndGlobalSection
	GlobalSection(SolutionProperties) = preSolution
		HideSolutionNode = FALSE
	EndGlobalSection
	GlobalSection(NestedProjects) = preSolution
		{63908605-9365-4802-A053-4DBE18D60ADC} = {E0C92175-E4BA-41B8-9030-8E65F4524141}
		{C1C780F6-20AA-4966-98C0-B61B8310325B} = {0984E867-D4C0-4FBD-98BD-BDDCF98AD1BE}
		{5BBB00D0-E25B-4B26-8425-9E3D00EE45EC} = {51AC8418-44D9-4AA9-B1E8-12185658B968}
	EndGlobalSection
EndGlobal
