
Microsoft Visual Studio Solution File, Format Version 12.00
# Visual Studio 2012
Project("{2150E333-8FDC-42A3-9474-1A3956D46DE8}") = "Solution Items", "Solution Items", "{312D48C5-D0B1-449F-888E-9D65A53959C9}"
	ProjectSection(SolutionItems) = preProject
		..\..\..\..\..\Desktop\01,OddLines.cs = ..\..\..\..\..\Desktop\01,OddLines.cs
		..\..\..\..\..\Desktop\02,TwoFilesInOne.cs = ..\..\..\..\..\Desktop\02,TwoFilesInOne.cs
		..\..\..\..\..\Desktop\03,InsertLineNumbers.cs = ..\..\..\..\..\Desktop\03,InsertLineNumbers.cs
		..\..\..\..\..\Desktop\04,SameAndDifferent.cs = ..\..\..\..\..\Desktop\04,SameAndDifferent.cs
		..\..\..\..\..\Desktop\05,MaxSubmatrix.cs = ..\..\..\..\..\Desktop\05,MaxSubmatrix.cs
		..\..\..\..\..\Desktop\06,ListOfStrings.cs = ..\..\..\..\..\Desktop\06,ListOfStrings.cs
		..\..\..\..\..\Desktop\07,ReplaceSubstring.cs = ..\..\..\..\..\Desktop\07,ReplaceSubstring.cs
		..\..\..\..\..\Desktop\08,RegularExpressions.cs = ..\..\..\..\..\Desktop\08,RegularExpressions.cs
		..\..\..\..\..\Desktop\09,DeleteOddLines.cs = ..\..\..\..\..\Desktop\09,DeleteOddLines.cs
		..\..\..\..\..\Desktop\10,WithoutTags.cs = ..\..\..\..\..\Desktop\10,WithoutTags.cs
		..\..\..\..\..\Desktop\11,DeleteTestPrefixwords.cs = ..\..\..\..\..\Desktop\11,DeleteTestPrefixwords.cs
		..\..\..\..\..\Desktop\12,RemoveAllWordsFromListed.cs = ..\..\..\..\..\Desktop\12,RemoveAllWordsFromListed.cs
		..\..\..\..\..\Desktop\13,WordsFrequency.cs = ..\..\..\..\..\Desktop\13,WordsFrequency.cs
	EndProjectSection
EndProject
Project("{FAE04EC0-301F-11D3-BF4B-00C04F79EFBC}") = "ConsoleApplication1", "ConsoleApplication1\ConsoleApplication1.csproj", "{A379075B-2B13-45C4-8C39-93B5D72C31FE}"
EndProject
Global
	GlobalSection(SolutionConfigurationPlatforms) = preSolution
		Debug|Any CPU = Debug|Any CPU
		Release|Any CPU = Release|Any CPU
	EndGlobalSection
	GlobalSection(ProjectConfigurationPlatforms) = postSolution
		{A379075B-2B13-45C4-8C39-93B5D72C31FE}.Debug|Any CPU.ActiveCfg = Debug|Any CPU
		{A379075B-2B13-45C4-8C39-93B5D72C31FE}.Debug|Any CPU.Build.0 = Debug|Any CPU
		{A379075B-2B13-45C4-8C39-93B5D72C31FE}.Release|Any CPU.ActiveCfg = Release|Any CPU
		{A379075B-2B13-45C4-8C39-93B5D72C31FE}.Release|Any CPU.Build.0 = Release|Any CPU
	EndGlobalSection
	GlobalSection(SolutionProperties) = preSolution
		HideSolutionNode = FALSE
	EndGlobalSection
EndGlobal
