
Microsoft Visual Studio Solution File, Format Version 12.00
# Visual Studio 2012
Project("{FAE04EC0-301F-11D3-BF4B-00C04F79EFBC}") = "T4Test", "T4Test\T4Test.csproj", "{16093ACD-F1D9-4031-98AF-E96DA907B7EF}"
EndProject
Global
	GlobalSection(SolutionConfigurationPlatforms) = preSolution
		Debug|Any CPU = Debug|Any CPU
		Release|Any CPU = Release|Any CPU
	EndGlobalSection
	GlobalSection(ProjectConfigurationPlatforms) = postSolution
		{16093ACD-F1D9-4031-98AF-E96DA907B7EF}.Debug|Any CPU.ActiveCfg = Debug|Any CPU
		{16093ACD-F1D9-4031-98AF-E96DA907B7EF}.Debug|Any CPU.Build.0 = Debug|Any CPU
		{16093ACD-F1D9-4031-98AF-E96DA907B7EF}.Release|Any CPU.ActiveCfg = Release|Any CPU
		{16093ACD-F1D9-4031-98AF-E96DA907B7EF}.Release|Any CPU.Build.0 = Release|Any CPU
	EndGlobalSection
	GlobalSection(SolutionProperties) = preSolution
		HideSolutionNode = FALSE
	EndGlobalSection
EndGlobal
